
Microsoft Visual Studio Solution File, Format Version 12.00
# Visual Studio Version 16
VisualStudioVersion = 16.0.30717.126
MinimumVisualStudioVersion = 10.0.40219.1
Project("{FAE04EC0-301F-11D3-BF4B-00C04F79EFBC}") = "Volokhina.ASP.NET.Web", "Volokhina.ASP.NET\Volokhina.ASP.NET.Web.csproj", "{C6DA8F0B-18A6-4198-951A-330D9AABAB41}"
EndProject
Project("{2150E333-8FDC-42A3-9474-1A3956D46DE8}") = "BLL", "BLL", "{27708E1A-5B77-454F-BC60-5B1CADECC9DD}"
EndProject
Project("{2150E333-8FDC-42A3-9474-1A3956D46DE8}") = "Common", "Common", "{E96735B7-7016-4465-949B-140F5A5316CA}"
EndProject
Project("{2150E333-8FDC-42A3-9474-1A3956D46DE8}") = "DAL", "DAL", "{3D3D8F8B-5577-49B9-A2E1-C43C2C2D99FF}"
EndProject
Project("{FAE04EC0-301F-11D3-BF4B-00C04F79EFBC}") = "Volokhina.ASP.NET.BLL.Interface", "Volokhina.ASP.NET.BLL.Interface\Volokhina.ASP.NET.BLL.Interface.csproj", "{47795B38-7395-4391-8181-9F711A33EB38}"
EndProject
Project("{FAE04EC0-301F-11D3-BF4B-00C04F79EFBC}") = "Volokhina.ASP.NET.Entities", "Volokhina.ASP.NET.Entities\Volokhina.ASP.NET.Entities.csproj", "{3FAEB271-41EB-4FE7-A4B1-0FBF57E5AA4E}"
EndProject
Project("{FAE04EC0-301F-11D3-BF4B-00C04F79EFBC}") = "Volokhina.ASP.NET.DAL", "Volokhina.ASP.NET.DAL\Volokhina.ASP.NET.DAL.csproj", "{9DEB230B-FD27-4E0F-A6F3-9A48295F5A01}"
EndProject
Project("{FAE04EC0-301F-11D3-BF4B-00C04F79EFBC}") = "Volokhina.ASP.NET.DAL.Interface", "Volokhina.ASP.NET.DAL.Interface\Volokhina.ASP.NET.DAL.Interface.csproj", "{3C6CAE94-973B-4505-A78B-154C19CF503E}"
EndProject
Project("{2150E333-8FDC-42A3-9474-1A3956D46DE8}") = "PL", "PL", "{B447503C-EF7A-448C-8D7F-B736716A4F47}"
EndProject
Project("{FAE04EC0-301F-11D3-BF4B-00C04F79EFBC}") = "Volokhina.ASP.NET.PL", "Volokhina.ASP.NET.PL\Volokhina.ASP.NET.PL.csproj", "{8D57E9A9-FCD6-4EF3-A4FC-B7398734EC3F}"
EndProject
Project("{FAE04EC0-301F-11D3-BF4B-00C04F79EFBC}") = "Volokhina.ASP.NET.Common", "Volokhina.ASP.NET.Common\Volokhina.ASP.NET.Common.csproj", "{59A9EBAC-FDD2-42AC-ABCA-1E46263F824E}"
EndProject
Project("{FAE04EC0-301F-11D3-BF4B-00C04F79EFBC}") = "Volokhina.ASP.NET.BLL", "Volokhina.ASP.NET.BLL\Volokhina.ASP.NET.BLL.csproj", "{63A4ED3D-55CC-4CC0-86B3-518AD7A3BF4C}"
EndProject
Project("{FAE04EC0-301F-11D3-BF4B-00C04F79EFBC}") = "DBConnection", "DBConnection\DBConnection.csproj", "{A2BE0E67-3A06-48D3-9016-25064E3514C5}"
EndProject
Global
	GlobalSection(SolutionConfigurationPlatforms) = preSolution
		Debug|Any CPU = Debug|Any CPU
		Release|Any CPU = Release|Any CPU
	EndGlobalSection
	GlobalSection(ProjectConfigurationPlatforms) = postSolution
		{C6DA8F0B-18A6-4198-951A-330D9AABAB41}.Debug|Any CPU.ActiveCfg = Debug|Any CPU
		{C6DA8F0B-18A6-4198-951A-330D9AABAB41}.Debug|Any CPU.Build.0 = Debug|Any CPU
		{C6DA8F0B-18A6-4198-951A-330D9AABAB41}.Release|Any CPU.ActiveCfg = Release|Any CPU
		{C6DA8F0B-18A6-4198-951A-330D9AABAB41}.Release|Any CPU.Build.0 = Release|Any CPU
		{47795B38-7395-4391-8181-9F711A33EB38}.Debug|Any CPU.ActiveCfg = Debug|Any CPU
		{47795B38-7395-4391-8181-9F711A33EB38}.Debug|Any CPU.Build.0 = Debug|Any CPU
		{47795B38-7395-4391-8181-9F711A33EB38}.Release|Any CPU.ActiveCfg = Release|Any CPU
		{47795B38-7395-4391-8181-9F711A33EB38}.Release|Any CPU.Build.0 = Release|Any CPU
		{3FAEB271-41EB-4FE7-A4B1-0FBF57E5AA4E}.Debug|Any CPU.ActiveCfg = Debug|Any CPU
		{3FAEB271-41EB-4FE7-A4B1-0FBF57E5AA4E}.Debug|Any CPU.Build.0 = Debug|Any CPU
		{3FAEB271-41EB-4FE7-A4B1-0FBF57E5AA4E}.Release|Any CPU.ActiveCfg = Release|Any CPU
		{3FAEB271-41EB-4FE7-A4B1-0FBF57E5AA4E}.Release|Any CPU.Build.0 = Release|Any CPU
		{9DEB230B-FD27-4E0F-A6F3-9A48295F5A01}.Debug|Any CPU.ActiveCfg = Debug|Any CPU
		{9DEB230B-FD27-4E0F-A6F3-9A48295F5A01}.Debug|Any CPU.Build.0 = Debug|Any CPU
		{9DEB230B-FD27-4E0F-A6F3-9A48295F5A01}.Release|Any CPU.ActiveCfg = Release|Any CPU
		{9DEB230B-FD27-4E0F-A6F3-9A48295F5A01}.Release|Any CPU.Build.0 = Release|Any CPU
		{3C6CAE94-973B-4505-A78B-154C19CF503E}.Debug|Any CPU.ActiveCfg = Debug|Any CPU
		{3C6CAE94-973B-4505-A78B-154C19CF503E}.Debug|Any CPU.Build.0 = Debug|Any CPU
		{3C6CAE94-973B-4505-A78B-154C19CF503E}.Release|Any CPU.ActiveCfg = Release|Any CPU
		{3C6CAE94-973B-4505-A78B-154C19CF503E}.Release|Any CPU.Build.0 = Release|Any CPU
		{8D57E9A9-FCD6-4EF3-A4FC-B7398734EC3F}.Debug|Any CPU.ActiveCfg = Debug|Any CPU
		{8D57E9A9-FCD6-4EF3-A4FC-B7398734EC3F}.Debug|Any CPU.Build.0 = Debug|Any CPU
		{8D57E9A9-FCD6-4EF3-A4FC-B7398734EC3F}.Release|Any CPU.ActiveCfg = Release|Any CPU
		{8D57E9A9-FCD6-4EF3-A4FC-B7398734EC3F}.Release|Any CPU.Build.0 = Release|Any CPU
		{59A9EBAC-FDD2-42AC-ABCA-1E46263F824E}.Debug|Any CPU.ActiveCfg = Debug|Any CPU
		{59A9EBAC-FDD2-42AC-ABCA-1E46263F824E}.Debug|Any CPU.Build.0 = Debug|Any CPU
		{59A9EBAC-FDD2-42AC-ABCA-1E46263F824E}.Release|Any CPU.ActiveCfg = Release|Any CPU
		{59A9EBAC-FDD2-42AC-ABCA-1E46263F824E}.Release|Any CPU.Build.0 = Release|Any CPU
		{63A4ED3D-55CC-4CC0-86B3-518AD7A3BF4C}.Debug|Any CPU.ActiveCfg = Debug|Any CPU
		{63A4ED3D-55CC-4CC0-86B3-518AD7A3BF4C}.Debug|Any CPU.Build.0 = Debug|Any CPU
		{63A4ED3D-55CC-4CC0-86B3-518AD7A3BF4C}.Release|Any CPU.ActiveCfg = Release|Any CPU
		{63A4ED3D-55CC-4CC0-86B3-518AD7A3BF4C}.Release|Any CPU.Build.0 = Release|Any CPU
		{A2BE0E67-3A06-48D3-9016-25064E3514C5}.Debug|Any CPU.ActiveCfg = Debug|Any CPU
		{A2BE0E67-3A06-48D3-9016-25064E3514C5}.Debug|Any CPU.Build.0 = Debug|Any CPU
		{A2BE0E67-3A06-48D3-9016-25064E3514C5}.Release|Any CPU.ActiveCfg = Release|Any CPU
		{A2BE0E67-3A06-48D3-9016-25064E3514C5}.Release|Any CPU.Build.0 = Release|Any CPU
	EndGlobalSection
	GlobalSection(SolutionProperties) = preSolution
		HideSolutionNode = FALSE
	EndGlobalSection
	GlobalSection(NestedProjects) = preSolution
		{47795B38-7395-4391-8181-9F711A33EB38} = {27708E1A-5B77-454F-BC60-5B1CADECC9DD}
		{3FAEB271-41EB-4FE7-A4B1-0FBF57E5AA4E} = {E96735B7-7016-4465-949B-140F5A5316CA}
		{9DEB230B-FD27-4E0F-A6F3-9A48295F5A01} = {3D3D8F8B-5577-49B9-A2E1-C43C2C2D99FF}
		{3C6CAE94-973B-4505-A78B-154C19CF503E} = {3D3D8F8B-5577-49B9-A2E1-C43C2C2D99FF}
		{8D57E9A9-FCD6-4EF3-A4FC-B7398734EC3F} = {B447503C-EF7A-448C-8D7F-B736716A4F47}
		{59A9EBAC-FDD2-42AC-ABCA-1E46263F824E} = {E96735B7-7016-4465-949B-140F5A5316CA}
		{63A4ED3D-55CC-4CC0-86B3-518AD7A3BF4C} = {27708E1A-5B77-454F-BC60-5B1CADECC9DD}
	EndGlobalSection
	GlobalSection(ExtensibilityGlobals) = postSolution
		SolutionGuid = {54C4ACC6-1DED-4BC3-A55B-80A9740E3826}
	EndGlobalSection
EndGlobal
